
Microsoft Visual Studio Solution File, Format Version 12.00
# Visual Studio Version 17
VisualStudioVersion = 17.7.34221.43
MinimumVisualStudioVersion = 10.0.40219.1
Project("{FAE04EC0-301F-11D3-BF4B-00C04F79EFBC}") = "FitnessWebApp-ASP.NETCore", "FitnessWebApp-ASP.NETCore.csproj", "{2ABE7045-E66E-4872-8853-74CAA7DCAAFF}"
EndProject
Global
	GlobalSection(SolutionConfigurationPlatforms) = preSolution
		Debug|Any CPU = Debug|Any CPU
		Release|Any CPU = Release|Any CPU
	EndGlobalSection
	GlobalSection(ProjectConfigurationPlatforms) = postSolution
		{2ABE7045-E66E-4872-8853-74CAA7DCAAFF}.Debug|Any CPU.ActiveCfg = Debug|Any CPU
		{2ABE7045-E66E-4872-8853-74CAA7DCAAFF}.Debug|Any CPU.Build.0 = Debug|Any CPU
		{2ABE7045-E66E-4872-8853-74CAA7DCAAFF}.Release|Any CPU.ActiveCfg = Release|Any CPU
		{2ABE7045-E66E-4872-8853-74CAA7DCAAFF}.Release|Any CPU.Build.0 = Release|Any CPU
	EndGlobalSection
	GlobalSection(SolutionProperties) = preSolution
		HideSolutionNode = FALSE
	EndGlobalSection
	GlobalSection(ExtensibilityGlobals) = postSolution
		SolutionGuid = {2B6B8CC3-A4A3-4311-A441-0B7CE5E8D26D}
	EndGlobalSection
EndGlobal
